
Microsoft Visual Studio Solution File, Format Version 12.00
# Visual Studio Version 17
VisualStudioVersion = 17.10.35122.118
MinimumVisualStudioVersion = 10.0.40219.1
Project("{FAE04EC0-301F-11D3-BF4B-00C04F79EFBC}") = "ScpProximityChatExiled", "ScpProximityChatExiled\ScpProximityChatExiled.csproj", "{731158F7-C918-4290-ADFB-44C27452EF58}"
EndProject
Global
	GlobalSection(SolutionConfigurationPlatforms) = preSolution
		Debug|Any CPU = Debug|Any CPU
		Release|Any CPU = Release|Any CPU
	EndGlobalSection
	GlobalSection(ProjectConfigurationPlatforms) = postSolution
		{731158F7-C918-4290-ADFB-44C27452EF58}.Debug|Any CPU.ActiveCfg = Debug|Any CPU
		{731158F7-C918-4290-ADFB-44C27452EF58}.Debug|Any CPU.Build.0 = Debug|Any CPU
		{731158F7-C918-4290-ADFB-44C27452EF58}.Release|Any CPU.ActiveCfg = Release|Any CPU
		{731158F7-C918-4290-ADFB-44C27452EF58}.Release|Any CPU.Build.0 = Release|Any CPU
	EndGlobalSection
	GlobalSection(SolutionProperties) = preSolution
		HideSolutionNode = FALSE
	EndGlobalSection
	GlobalSection(ExtensibilityGlobals) = postSolution
		SolutionGuid = {B4E75E70-68D3-4824-963F-897357EB1715}
	EndGlobalSection
EndGlobal
